
Microsoft Visual Studio Solution File, Format Version 12.00
# Visual Studio Version 16
VisualStudioVersion = 16.0.31515.178
MinimumVisualStudioVersion = 10.0.40219.1
Project("{FAE04EC0-301F-11D3-BF4B-00C04F79EFBC}") = "Museu48", "Museu48.csproj", "{FA4D2251-4981-4898-ABE3-CDBB62368567}"
EndProject
Global
	GlobalSection(SolutionConfigurationPlatforms) = preSolution
		Debug|Any CPU = Debug|Any CPU
		Release|Any CPU = Release|Any CPU
	EndGlobalSection
	GlobalSection(ProjectConfigurationPlatforms) = postSolution
		{FA4D2251-4981-4898-ABE3-CDBB62368567}.Debug|Any CPU.ActiveCfg = Debug|Any CPU
		{FA4D2251-4981-4898-ABE3-CDBB62368567}.Debug|Any CPU.Build.0 = Debug|Any CPU
		{FA4D2251-4981-4898-ABE3-CDBB62368567}.Release|Any CPU.ActiveCfg = Release|Any CPU
		{FA4D2251-4981-4898-ABE3-CDBB62368567}.Release|Any CPU.Build.0 = Release|Any CPU
	EndGlobalSection
	GlobalSection(SolutionProperties) = preSolution
		HideSolutionNode = FALSE
	EndGlobalSection
	GlobalSection(ExtensibilityGlobals) = postSolution
		SolutionGuid = {C33CACB2-07FA-4360-934F-C329CE1EC3C1}
	EndGlobalSection
EndGlobal
